// !$*UTF8*$!
{
	archiveVersion = 1;
	classes = {
	};
	objectVersion = 46;
	objects = {

/* Begin PBXBuildFile section */
		7F03C50E1C0C5E380001F097 /* main.m in Sources */ = {isa = PBXBuildFile; fileRef = 7F03C50D1C0C5E380001F097 /* main.m */; };
		7F03C5111C0C5E380001F097 /* AppDelegate.m in Sources */ = {isa = PBXBuildFile; fileRef = 7F03C5101C0C5E380001F097 /* AppDelegate.m */; };
		7F03C5141C0C5E380001F097 /* ViewController.m in Sources */ = {isa = PBXBuildFile; fileRef = 7F03C5131C0C5E380001F097 /* ViewController.m */; };
		7F03C5191C0C5E380001F097 /* Assets.xcassets in Resources */ = {isa = PBXBuildFile; fileRef = 7F03C5181C0C5E380001F097 /* Assets.xcassets */; };
		7F03C5271C0C5E380001F097 /* IOS_TwoTests.m in Sources */ = {isa = PBXBuildFile; fileRef = 7F03C5261C0C5E380001F097 /* IOS_TwoTests.m */; };
		7F03C5321C0C5E380001F097 /* IOS_TwoUITests.m in Sources */ = {isa = PBXBuildFile; fileRef = 7F03C5311C0C5E380001F097 /* IOS_TwoUITests.m */; };
		7F36545B1C12AD35003A2F02 /* ReadViewController.m in Sources */ = {isa = PBXBuildFile; fileRef = 7F3654591C12AD35003A2F02 /* ReadViewController.m */; };
		7F36546E1C13369E003A2F02 /* MapKit.framework in Frameworks */ = {isa = PBXBuildFile; fileRef = 7F36546D1C13369E003A2F02 /* MapKit.framework */; };
		7F3654701C1336AC003A2F02 /* ImageIO.framework in Frameworks */ = {isa = PBXBuildFile; fileRef = 7F36546F1C1336AC003A2F02 /* ImageIO.framework */; };
		7F5C52031C2BD45700409482 /* PictureEntity.m in Sources */ = {isa = PBXBuildFile; fileRef = 7F5C52021C2BD45700409482 /* PictureEntity.m */; };
		7F7F60461C1D5A790039C1CF /* SettingTableViewController.m in Sources */ = {isa = PBXBuildFile; fileRef = 7F7F60441C1D5A790039C1CF /* SettingTableViewController.m */; };
		7F7F60471C1D5A790039C1CF /* SettingTableViewController.xib in Resources */ = {isa = PBXBuildFile; fileRef = 7F7F60451C1D5A790039C1CF /* SettingTableViewController.xib */; };
		7F7F604B1C1D74C90039C1CF /* AboutViewController.m in Sources */ = {isa = PBXBuildFile; fileRef = 7F7F60491C1D74C90039C1CF /* AboutViewController.m */; };
		7F7F60581C1D8FA30039C1CF /* PictureViewController.m in Sources */ = {isa = PBXBuildFile; fileRef = 7F7F60561C1D8FA30039C1CF /* PictureViewController.m */; };
		7FB16DA51C0F0D3B005BFC0F /* Default-568h@2x.png in Resources */ = {isa = PBXBuildFile; fileRef = 7FB16DA41C0F0D3B005BFC0F /* Default-568h@2x.png */; };
		7FB16DA71C0F107E005BFC0F /* Launch Screen.storyboard in Resources */ = {isa = PBXBuildFile; fileRef = 7FB16DA61C0F107E005BFC0F /* Launch Screen.storyboard */; };
		7FF142F31C4FCD740046B709 /* ReadingView.m in Sources */ = {isa = PBXBuildFile; fileRef = 7FF142F21C4FCD740046B709 /* ReadingView.m */; };
		7FF142F91C4FD5560046B709 /* QuestionEntity.m in Sources */ = {isa = PBXBuildFile; fileRef = 7FF142F81C4FD5560046B709 /* QuestionEntity.m */; };
		7FF142FC1C50995C0046B709 /* HttpOperation.m in Sources */ = {isa = PBXBuildFile; fileRef = 7FF142FB1C50995C0046B709 /* HttpOperation.m */; };
		7FF143021C509C530046B709 /* QuestionView.m in Sources */ = {isa = PBXBuildFile; fileRef = 7FF143011C509C530046B709 /* QuestionView.m */; };
		7FF143051C509C630046B709 /* PictureView.m in Sources */ = {isa = PBXBuildFile; fileRef = 7FF143041C509C630046B709 /* PictureView.m */; };
		7FF5B8D21C20081900966ED9 /* ReadingEntity.m in Sources */ = {isa = PBXBuildFile; fileRef = 7FF5B8D11C20081900966ED9 /* ReadingEntity.m */; };
		7FF5B8F41C21080600966ED9 /* QuestionViewController.m in Sources */ = {isa = PBXBuildFile; fileRef = 7FF5B8F21C21080600966ED9 /* QuestionViewController.m */; };
/* End PBXBuildFile section */

/* Begin PBXContainerItemProxy section */
		7F03C5231C0C5E380001F097 /* PBXContainerItemProxy */ = {
			isa = PBXContainerItemProxy;
			containerPortal = 7F03C5011C0C5E380001F097 /* Project object */;
			proxyType = 1;
			remoteGlobalIDString = 7F03C5081C0C5E380001F097;
			remoteInfo = "IOS-Two";
		};
		7F03C52E1C0C5E380001F097 /* PBXContainerItemProxy */ = {
			isa = PBXContainerItemProxy;
			containerPortal = 7F03C5011C0C5E380001F097 /* Project object */;
			proxyType = 1;
			remoteGlobalIDString = 7F03C5081C0C5E380001F097;
			remoteInfo = "IOS-Two";
		};
/* End PBXContainerItemProxy section */

/* Begin PBXFileReference section */
		7F03C5091C0C5E380001F097 /* IOS-Two.app */ = {isa = PBXFileReference; explicitFileType = wrapper.application; includeInIndex = 0; path = "IOS-Two.app"; sourceTree = BUILT_PRODUCTS_DIR; };
		7F03C50D1C0C5E380001F097 /* main.m */ = {isa = PBXFileReference; lastKnownFileType = sourcecode.c.objc; path = main.m; sourceTree = "<group>"; };
		7F03C50F1C0C5E380001F097 /* AppDelegate.h */ = {isa = PBXFileReference; lastKnownFileType = sourcecode.c.h; path = AppDelegate.h; sourceTree = "<group>"; };
		7F03C5101C0C5E380001F097 /* AppDelegate.m */ = {isa = PBXFileReference; lastKnownFileType = sourcecode.c.objc; path = AppDelegate.m; sourceTree = "<group>"; };
		7F03C5121C0C5E380001F097 /* ViewController.h */ = {isa = PBXFileReference; lastKnownFileType = sourcecode.c.h; path = ViewController.h; sourceTree = "<group>"; };
		7F03C5131C0C5E380001F097 /* ViewController.m */ = {isa = PBXFileReference; lastKnownFileType = sourcecode.c.objc; path = ViewController.m; sourceTree = "<group>"; };
		7F03C5181C0C5E380001F097 /* Assets.xcassets */ = {isa = PBXFileReference; lastKnownFileType = folder.assetcatalog; path = Assets.xcassets; sourceTree = "<group>"; };
		7F03C51D1C0C5E380001F097 /* Info.plist */ = {isa = PBXFileReference; lastKnownFileType = text.plist.xml; path = Info.plist; sourceTree = "<group>"; };
		7F03C5221C0C5E380001F097 /* IOS-TwoTests.xctest */ = {isa = PBXFileReference; explicitFileType = wrapper.cfbundle; includeInIndex = 0; path = "IOS-TwoTests.xctest"; sourceTree = BUILT_PRODUCTS_DIR; };
		7F03C5261C0C5E380001F097 /* IOS_TwoTests.m */ = {isa = PBXFileReference; lastKnownFileType = sourcecode.c.objc; path = IOS_TwoTests.m; sourceTree = "<group>"; };
		7F03C5281C0C5E380001F097 /* Info.plist */ = {isa = PBXFileReference; lastKnownFileType = text.plist.xml; path = Info.plist; sourceTree = "<group>"; };
		7F03C52D1C0C5E380001F097 /* IOS-TwoUITests.xctest */ = {isa = PBXFileReference; explicitFileType = wrapper.cfbundle; includeInIndex = 0; path = "IOS-TwoUITests.xctest"; sourceTree = BUILT_PRODUCTS_DIR; };
		7F03C5311C0C5E380001F097 /* IOS_TwoUITests.m */ = {isa = PBXFileReference; lastKnownFileType = sourcecode.c.objc; path = IOS_TwoUITests.m; sourceTree = "<group>"; };
		7F03C5331C0C5E380001F097 /* Info.plist */ = {isa = PBXFileReference; lastKnownFileType = text.plist.xml; path = Info.plist; sourceTree = "<group>"; };
		7F3654581C12AD35003A2F02 /* ReadViewController.h */ = {isa = PBXFileReference; fileEncoding = 4; lastKnownFileType = sourcecode.c.h; path = ReadViewController.h; sourceTree = "<group>"; };
		7F3654591C12AD35003A2F02 /* ReadViewController.m */ = {isa = PBXFileReference; fileEncoding = 4; lastKnownFileType = sourcecode.c.objc; path = ReadViewController.m; sourceTree = "<group>"; };
		7F36546D1C13369E003A2F02 /* MapKit.framework */ = {isa = PBXFileReference; lastKnownFileType = wrapper.framework; name = MapKit.framework; path = System/Library/Frameworks/MapKit.framework; sourceTree = SDKROOT; };
		7F36546F1C1336AC003A2F02 /* ImageIO.framework */ = {isa = PBXFileReference; lastKnownFileType = wrapper.framework; name = ImageIO.framework; path = System/Library/Frameworks/ImageIO.framework; sourceTree = SDKROOT; };
		7F5C52011C2BD45700409482 /* PictureEntity.h */ = {isa = PBXFileReference; fileEncoding = 4; lastKnownFileType = sourcecode.c.h; path = PictureEntity.h; sourceTree = "<group>"; };
		7F5C52021C2BD45700409482 /* PictureEntity.m */ = {isa = PBXFileReference; fileEncoding = 4; lastKnownFileType = sourcecode.c.objc; path = PictureEntity.m; sourceTree = "<group>"; };
		7F7F60431C1D5A790039C1CF /* SettingTableViewController.h */ = {isa = PBXFileReference; fileEncoding = 4; lastKnownFileType = sourcecode.c.h; path = SettingTableViewController.h; sourceTree = "<group>"; };
		7F7F60441C1D5A790039C1CF /* SettingTableViewController.m */ = {isa = PBXFileReference; fileEncoding = 4; lastKnownFileType = sourcecode.c.objc; path = SettingTableViewController.m; sourceTree = "<group>"; };
		7F7F60451C1D5A790039C1CF /* SettingTableViewController.xib */ = {isa = PBXFileReference; fileEncoding = 4; lastKnownFileType = file.xib; path = SettingTableViewController.xib; sourceTree = "<group>"; };
		7F7F60481C1D74C90039C1CF /* AboutViewController.h */ = {isa = PBXFileReference; fileEncoding = 4; lastKnownFileType = sourcecode.c.h; path = AboutViewController.h; sourceTree = "<group>"; };
		7F7F60491C1D74C90039C1CF /* AboutViewController.m */ = {isa = PBXFileReference; fileEncoding = 4; lastKnownFileType = sourcecode.c.objc; path = AboutViewController.m; sourceTree = "<group>"; };
		7F7F60551C1D8FA30039C1CF /* PictureViewController.h */ = {isa = PBXFileReference; fileEncoding = 4; lastKnownFileType = sourcecode.c.h; path = PictureViewController.h; sourceTree = "<group>"; };
		7F7F60561C1D8FA30039C1CF /* PictureViewController.m */ = {isa = PBXFileReference; fileEncoding = 4; lastKnownFileType = sourcecode.c.objc; path = PictureViewController.m; sourceTree = "<group>"; };
		7FB16DA41C0F0D3B005BFC0F /* Default-568h@2x.png */ = {isa = PBXFileReference; lastKnownFileType = image.png; path = "Default-568h@2x.png"; sourceTree = "<group>"; };
		7FB16DA61C0F107E005BFC0F /* Launch Screen.storyboard */ = {isa = PBXFileReference; fileEncoding = 4; lastKnownFileType = file.storyboard; path = "Launch Screen.storyboard"; sourceTree = "<group>"; };
		7FF142F11C4FCD740046B709 /* ReadingView.h */ = {isa = PBXFileReference; fileEncoding = 4; lastKnownFileType = sourcecode.c.h; path = ReadingView.h; sourceTree = "<group>"; };
		7FF142F21C4FCD740046B709 /* ReadingView.m */ = {isa = PBXFileReference; fileEncoding = 4; lastKnownFileType = sourcecode.c.objc; path = ReadingView.m; sourceTree = "<group>"; };
		7FF142F71C4FD5560046B709 /* QuestionEntity.h */ = {isa = PBXFileReference; fileEncoding = 4; lastKnownFileType = sourcecode.c.h; path = QuestionEntity.h; sourceTree = "<group>"; };
		7FF142F81C4FD5560046B709 /* QuestionEntity.m */ = {isa = PBXFileReference; fileEncoding = 4; lastKnownFileType = sourcecode.c.objc; path = QuestionEntity.m; sourceTree = "<group>"; };
		7FF142FA1C50995C0046B709 /* HttpOperation.h */ = {isa = PBXFileReference; fileEncoding = 4; lastKnownFileType = sourcecode.c.h; path = HttpOperation.h; sourceTree = "<group>"; };
		7FF142FB1C50995C0046B709 /* HttpOperation.m */ = {isa = PBXFileReference; fileEncoding = 4; lastKnownFileType = sourcecode.c.objc; path = HttpOperation.m; sourceTree = "<group>"; };
		7FF143001C509C530046B709 /* QuestionView.h */ = {isa = PBXFileReference; fileEncoding = 4; lastKnownFileType = sourcecode.c.h; path = QuestionView.h; sourceTree = "<group>"; };
		7FF143011C509C530046B709 /* QuestionView.m */ = {isa = PBXFileReference; fileEncoding = 4; lastKnownFileType = sourcecode.c.objc; path = QuestionView.m; sourceTree = "<group>"; };
		7FF143031C509C630046B709 /* PictureView.h */ = {isa = PBXFileReference; fileEncoding = 4; lastKnownFileType = sourcecode.c.h; path = PictureView.h; sourceTree = "<group>"; };
		7FF143041C509C630046B709 /* PictureView.m */ = {isa = PBXFileReference; fileEncoding = 4; lastKnownFileType = sourcecode.c.objc; path = PictureView.m; sourceTree = "<group>"; };
		7FF5B8D01C20081900966ED9 /* ReadingEntity.h */ = {isa = PBXFileReference; fileEncoding = 4; lastKnownFileType = sourcecode.c.h; path = ReadingEntity.h; sourceTree = "<group>"; };
		7FF5B8D11C20081900966ED9 /* ReadingEntity.m */ = {isa = PBXFileReference; fileEncoding = 4; lastKnownFileType = sourcecode.c.objc; path = ReadingEntity.m; sourceTree = "<group>"; };
		7FF5B8F11C21080600966ED9 /* QuestionViewController.h */ = {isa = PBXFileReference; fileEncoding = 4; lastKnownFileType = sourcecode.c.h; path = QuestionViewController.h; sourceTree = "<group>"; };
		7FF5B8F21C21080600966ED9 /* QuestionViewController.m */ = {isa = PBXFileReference; fileEncoding = 4; lastKnownFileType = sourcecode.c.objc; path = QuestionViewController.m; sourceTree = "<group>"; };
/* End PBXFileReference section */

/* Begin PBXFrameworksBuildPhase section */
		7F03C5061C0C5E380001F097 /* Frameworks */ = {
			isa = PBXFrameworksBuildPhase;
			buildActionMask = 2147483647;
			files = (
				7F3654701C1336AC003A2F02 /* ImageIO.framework in Frameworks */,
				7F36546E1C13369E003A2F02 /* MapKit.framework in Frameworks */,
			);
			runOnlyForDeploymentPostprocessing = 0;
		};
		7F03C51F1C0C5E380001F097 /* Frameworks */ = {
			isa = PBXFrameworksBuildPhase;
			buildActionMask = 2147483647;
			files = (
			);
			runOnlyForDeploymentPostprocessing = 0;
		};
		7F03C52A1C0C5E380001F097 /* Frameworks */ = {
			isa = PBXFrameworksBuildPhase;
			buildActionMask = 2147483647;
			files = (
			);
			runOnlyForDeploymentPostprocessing = 0;
		};
/* End PBXFrameworksBuildPhase section */

/* Begin PBXGroup section */
		7F03C5001C0C5E380001F097 = {
			isa = PBXGroup;
			children = (
				7F36546F1C1336AC003A2F02 /* ImageIO.framework */,
				7F36546D1C13369E003A2F02 /* MapKit.framework */,
				7FB16DA41C0F0D3B005BFC0F /* Default-568h@2x.png */,
				7F03C50B1C0C5E380001F097 /* IOS-Two */,
				7F03C5251C0C5E380001F097 /* IOS-TwoTests */,
				7F03C5301C0C5E380001F097 /* IOS-TwoUITests */,
				7F03C50A1C0C5E380001F097 /* Products */,
			);
			sourceTree = "<group>";
		};
		7F03C50A1C0C5E380001F097 /* Products */ = {
			isa = PBXGroup;
			children = (
				7F03C5091C0C5E380001F097 /* IOS-Two.app */,
				7F03C5221C0C5E380001F097 /* IOS-TwoTests.xctest */,
				7F03C52D1C0C5E380001F097 /* IOS-TwoUITests.xctest */,
			);
			name = Products;
			sourceTree = "<group>";
		};
		7F03C50B1C0C5E380001F097 /* IOS-Two */ = {
			isa = PBXGroup;
			children = (
				7FF142F61C4FD4DC0046B709 /* View */,
				7FF142F51C4FD4A80046B709 /* Controller */,
				7FF142F41C4FD4840046B709 /* Model */,
				7F03C50F1C0C5E380001F097 /* AppDelegate.h */,
				7F03C5101C0C5E380001F097 /* AppDelegate.m */,
				7F03C5181C0C5E380001F097 /* Assets.xcassets */,
				7F03C51D1C0C5E380001F097 /* Info.plist */,
				7F03C50C1C0C5E380001F097 /* Supporting Files */,
				7FB16DA61C0F107E005BFC0F /* Launch Screen.storyboard */,
			);
			path = "IOS-Two";
			sourceTree = "<group>";
		};
		7F03C50C1C0C5E380001F097 /* Supporting Files */ = {
			isa = PBXGroup;
			children = (
				7F03C50D1C0C5E380001F097 /* main.m */,
			);
			name = "Supporting Files";
			sourceTree = "<group>";
		};
		7F03C5251C0C5E380001F097 /* IOS-TwoTests */ = {
			isa = PBXGroup;
			children = (
				7F03C5261C0C5E380001F097 /* IOS_TwoTests.m */,
				7F03C5281C0C5E380001F097 /* Info.plist */,
			);
			path = "IOS-TwoTests";
			sourceTree = "<group>";
		};
		7F03C5301C0C5E380001F097 /* IOS-TwoUITests */ = {
			isa = PBXGroup;
			children = (
				7F03C5311C0C5E380001F097 /* IOS_TwoUITests.m */,
				7F03C5331C0C5E380001F097 /* Info.plist */,
			);
			path = "IOS-TwoUITests";
			sourceTree = "<group>";
		};
		7FF142F41C4FD4840046B709 /* Model */ = {
			isa = PBXGroup;
			children = (
				7F5C52021C2BD45700409482 /* PictureEntity.m */,
				7F5C52011C2BD45700409482 /* PictureEntity.h */,
				7FF5B8D01C20081900966ED9 /* ReadingEntity.h */,
				7FF5B8D11C20081900966ED9 /* ReadingEntity.m */,
				7FF142F71C4FD5560046B709 /* QuestionEntity.h */,
				7FF142F81C4FD5560046B709 /* QuestionEntity.m */,
			);
			name = Model;
			sourceTree = "<group>";
		};
		7FF142F51C4FD4A80046B709 /* Controller */ = {
			isa = PBXGroup;
			children = (
				7F03C5121C0C5E380001F097 /* ViewController.h */,
				7F03C5131C0C5E380001F097 /* ViewController.m */,
				7F3654581C12AD35003A2F02 /* ReadViewController.h */,
				7F3654591C12AD35003A2F02 /* ReadViewController.m */,
				7F7F60431C1D5A790039C1CF /* SettingTableViewController.h */,
				7F7F60441C1D5A790039C1CF /* SettingTableViewController.m */,
				7F7F60451C1D5A790039C1CF /* SettingTableViewController.xib */,
				7F7F60481C1D74C90039C1CF /* AboutViewController.h */,
				7F7F60491C1D74C90039C1CF /* AboutViewController.m */,
				7F7F60551C1D8FA30039C1CF /* PictureViewController.h */,
				7F7F60561C1D8FA30039C1CF /* PictureViewController.m */,
				7FF5B8F11C21080600966ED9 /* QuestionViewController.h */,
				7FF5B8F21C21080600966ED9 /* QuestionViewController.m */,
				7FF142FA1C50995C0046B709 /* HttpOperation.h */,
				7FF142FB1C50995C0046B709 /* HttpOperation.m */,
			);
			name = Controller;
			sourceTree = "<group>";
		};
		7FF142F61C4FD4DC0046B709 /* View */ = {
			isa = PBXGroup;
			children = (
				7FF142F21C4FCD740046B709 /* ReadingView.m */,
				7FF142F11C4FCD740046B709 /* ReadingView.h */,
				7FF143001C509C530046B709 /* QuestionView.h */,
				7FF143011C509C530046B709 /* QuestionView.m */,
				7FF143031C509C630046B709 /* PictureView.h */,
				7FF143041C509C630046B709 /* PictureView.m */,
			);
			name = View;
			sourceTree = "<group>";
		};
/* End PBXGroup section */

/* Begin PBXNativeTarget section */
		7F03C5081C0C5E380001F097 /* IOS-Two */ = {
			isa = PBXNativeTarget;
			buildConfigurationList = 7F03C5361C0C5E380001F097 /* Build configuration list for PBXNativeTarget "IOS-Two" */;
			buildPhases = (
				7F03C5051C0C5E380001F097 /* Sources */,
				7F03C5061C0C5E380001F097 /* Frameworks */,
				7F03C5071C0C5E380001F097 /* Resources */,
			);
			buildRules = (
			);
			dependencies = (
			);
			name = "IOS-Two";
			productName = "IOS-Two";
			productReference = 7F03C5091C0C5E380001F097 /* IOS-Two.app */;
			productType = "com.apple.product-type.application";
		};
		7F03C5211C0C5E380001F097 /* IOS-TwoTests */ = {
			isa = PBXNativeTarget;
			buildConfigurationList = 7F03C5391C0C5E380001F097 /* Build configuration list for PBXNativeTarget "IOS-TwoTests" */;
			buildPhases = (
				7F03C51E1C0C5E380001F097 /* Sources */,
				7F03C51F1C0C5E380001F097 /* Frameworks */,
				7F03C5201C0C5E380001F097 /* Resources */,
			);
			buildRules = (
			);
			dependencies = (
				7F03C5241C0C5E380001F097 /* PBXTargetDependency */,
			);
			name = "IOS-TwoTests";
			productName = "IOS-TwoTests";
			productReference = 7F03C5221C0C5E380001F097 /* IOS-TwoTests.xctest */;
			productType = "com.apple.product-type.bundle.unit-test";
		};
		7F03C52C1C0C5E380001F097 /* IOS-TwoUITests */ = {
			isa = PBXNativeTarget;
			buildConfigurationList = 7F03C53C1C0C5E380001F097 /* Build configuration list for PBXNativeTarget "IOS-TwoUITests" */;
			buildPhases = (
				7F03C5291C0C5E380001F097 /* Sources */,
				7F03C52A1C0C5E380001F097 /* Frameworks */,
				7F03C52B1C0C5E380001F097 /* Resources */,
			);
			buildRules = (
			);
			dependencies = (
				7F03C52F1C0C5E380001F097 /* PBXTargetDependency */,
			);
			name = "IOS-TwoUITests";
			productName = "IOS-TwoUITests";
			productReference = 7F03C52D1C0C5E380001F097 /* IOS-TwoUITests.xctest */;
			productType = "com.apple.product-type.bundle.ui-testing";
		};
/* End PBXNativeTarget section */

/* Begin PBXProject section */
		7F03C5011C0C5E380001F097 /* Project object */ = {
			isa = PBXProject;
			attributes = {
				LastUpgradeCheck = 0710;
				ORGANIZATIONNAME = "江晨舟";
				TargetAttributes = {
					7F03C5081C0C5E380001F097 = {
						CreatedOnToolsVersion = 7.1.1;
						DevelopmentTeam = W2YVPAZ6AP;
					};
					7F03C5211C0C5E380001F097 = {
						CreatedOnToolsVersion = 7.1.1;
						TestTargetID = 7F03C5081C0C5E380001F097;
					};
					7F03C52C1C0C5E380001F097 = {
						CreatedOnToolsVersion = 7.1.1;
						TestTargetID = 7F03C5081C0C5E380001F097;
					};
				};
			};
			buildConfigurationList = 7F03C5041C0C5E380001F097 /* Build configuration list for PBXProject "IOS-Two" */;
			compatibilityVersion = "Xcode 3.2";
			developmentRegion = English;
			hasScannedForEncodings = 0;
			knownRegions = (
				en,
				Base,
			);
			mainGroup = 7F03C5001C0C5E380001F097;
			productRefGroup = 7F03C50A1C0C5E380001F097 /* Products */;
			projectDirPath = "";
			projectRoot = "";
			targets = (
				7F03C5081C0C5E380001F097 /* IOS-Two */,
				7F03C5211C0C5E380001F097 /* IOS-TwoTests */,
				7F03C52C1C0C5E380001F097 /* IOS-TwoUITests */,
			);
		};
/* End PBXProject section */

/* Begin PBXResourcesBuildPhase section */
		7F03C5071C0C5E380001F097 /* Resources */ = {
			isa = PBXResourcesBuildPhase;
			buildActionMask = 2147483647;
			files = (
				7FB16DA71C0F107E005BFC0F /* Launch Screen.storyboard in Resources */,
				7F03C5191C0C5E380001F097 /* Assets.xcassets in Resources */,
				7FB16DA51C0F0D3B005BFC0F /* Default-568h@2x.png in Resources */,
				7F7F60471C1D5A790039C1CF /* SettingTableViewController.xib in Resources */,
			);
			runOnlyForDeploymentPostprocessing = 0;
		};
		7F03C5201C0C5E380001F097 /* Resources */ = {
			isa = PBXResourcesBuildPhase;
			buildActionMask = 2147483647;
			files = (
			);
			runOnlyForDeploymentPostprocessing = 0;
		};
		7F03C52B1C0C5E380001F097 /* Resources */ = {
			isa = PBXResourcesBuildPhase;
			buildActionMask = 2147483647;
			files = (
			);
			runOnlyForDeploymentPostprocessing = 0;
		};
/* End PBXResourcesBuildPhase section */

/* Begin PBXSourcesBuildPhase section */
		7F03C5051C0C5E380001F097 /* Sources */ = {
			isa = PBXSourcesBuildPhase;
			buildActionMask = 2147483647;
			files = (
				7FF143051C509C630046B709 /* PictureView.m in Sources */,
				7FF143021C509C530046B709 /* QuestionView.m in Sources */,
				7F5C52031C2BD45700409482 /* PictureEntity.m in Sources */,
				7F36545B1C12AD35003A2F02 /* ReadViewController.m in Sources */,
				7FF5B8F41C21080600966ED9 /* QuestionViewController.m in Sources */,
				7FF142F31C4FCD740046B709 /* ReadingView.m in Sources */,
				7FF142F91C4FD5560046B709 /* QuestionEntity.m in Sources */,
				7FF142FC1C50995C0046B709 /* HttpOperation.m in Sources */,
				7FF5B8D21C20081900966ED9 /* ReadingEntity.m in Sources */,
				7F03C5141C0C5E380001F097 /* ViewController.m in Sources */,
				7F7F604B1C1D74C90039C1CF /* AboutViewController.m in Sources */,
				7F03C5111C0C5E380001F097 /* AppDelegate.m in Sources */,
				7F7F60581C1D8FA30039C1CF /* PictureViewController.m in Sources */,
				7F7F60461C1D5A790039C1CF /* SettingTableViewController.m in Sources */,
				7F03C50E1C0C5E380001F097 /* main.m in Sources */,
			);
			runOnlyForDeploymentPostprocessing = 0;
		};
		7F03C51E1C0C5E380001F097 /* Sources */ = {
			isa = PBXSourcesBuildPhase;
			buildActionMask = 2147483647;
			files = (
				7F03C5271C0C5E380001F097 /* IOS_TwoTests.m in Sources */,
			);
			runOnlyForDeploymentPostprocessing = 0;
		};
		7F03C5291C0C5E380001F097 /* Sources */ = {
			isa = PBXSourcesBuildPhase;
			buildActionMask = 2147483647;
			files = (
				7F03C5321C0C5E380001F097 /* IOS_TwoUITests.m in Sources */,
			);
			runOnlyForDeploymentPostprocessing = 0;
		};
/* End PBXSourcesBuildPhase section */

/* Begin PBXTargetDependency section */
		7F03C5241C0C5E380001F097 /* PBXTargetDependency */ = {
			isa = PBXTargetDependency;
			target = 7F03C5081C0C5E380001F097 /* IOS-Two */;
			targetProxy = 7F03C5231C0C5E380001F097 /* PBXContainerItemProxy */;
		};
		7F03C52F1C0C5E380001F097 /* PBXTargetDependency */ = {
			isa = PBXTargetDependency;
			target = 7F03C5081C0C5E380001F097 /* IOS-Two */;
			targetProxy = 7F03C52E1C0C5E380001F097 /* PBXContainerItemProxy */;
		};
/* End PBXTargetDependency section */

/* Begin XCBuildConfiguration section */
		7F03C5341C0C5E380001F097 /* Debug */ = {
			isa = XCBuildConfiguration;
			buildSettings = {
				ALWAYS_SEARCH_USER_PATHS = NO;
				CLANG_CXX_LANGUAGE_STANDARD = "gnu++0x";
				CLANG_CXX_LIBRARY = "libc++";
				CLANG_ENABLE_MODULES = YES;
				CLANG_ENABLE_OBJC_ARC = YES;
				CLANG_WARN_BOOL_CONVERSION = YES;
				CLANG_WARN_CONSTANT_CONVERSION = YES;
				CLANG_WARN_DIRECT_OBJC_ISA_USAGE = YES_ERROR;
				CLANG_WARN_EMPTY_BODY = YES;
				CLANG_WARN_ENUM_CONVERSION = YES;
				CLANG_WARN_INT_CONVERSION = YES;
				CLANG_WARN_OBJC_ROOT_CLASS = YES_ERROR;
				CLANG_WARN_UNREACHABLE_CODE = YES;
				CLANG_WARN__DUPLICATE_METHOD_MATCH = YES;
				"CODE_SIGN_IDENTITY[sdk=iphoneos*]" = "iPhone Developer";
				COPY_PHASE_STRIP = NO;
				DEBUG_INFORMATION_FORMAT = dwarf;
				ENABLE_STRICT_OBJC_MSGSEND = YES;
				ENABLE_TESTABILITY = YES;
				GCC_C_LANGUAGE_STANDARD = gnu99;
				GCC_DYNAMIC_NO_PIC = NO;
				GCC_NO_COMMON_BLOCKS = YES;
				GCC_OPTIMIZATION_LEVEL = 0;
				GCC_PREPROCESSOR_DEFINITIONS = (
					"DEBUG=1",
					"$(inherited)",
				);
				GCC_WARN_64_TO_32_BIT_CONVERSION = YES;
				GCC_WARN_ABOUT_RETURN_TYPE = YES_ERROR;
				GCC_WARN_UNDECLARED_SELECTOR = YES;
				GCC_WARN_UNINITIALIZED_AUTOS = YES_AGGRESSIVE;
				GCC_WARN_UNUSED_FUNCTION = YES;
				GCC_WARN_UNUSED_VARIABLE = YES;
				IPHONEOS_DEPLOYMENT_TARGET = 9.1;
				MTL_ENABLE_DEBUG_INFO = YES;
				ONLY_ACTIVE_ARCH = YES;
				SDKROOT = iphoneos;
				TARGETED_DEVICE_FAMILY = "1,2";
			};
			name = Debug;
		};
		7F03C5351C0C5E380001F097 /* Release */ = {
			isa = XCBuildConfiguration;
			buildSettings = {
				ALWAYS_SEARCH_USER_PATHS = NO;
				CLANG_CXX_LANGUAGE_STANDARD = "gnu++0x";
				CLANG_CXX_LIBRARY = "libc++";
				CLANG_ENABLE_MODULES = YES;
				CLANG_ENABLE_OBJC_ARC = YES;
				CLANG_WARN_BOOL_CONVERSION = YES;
				CLANG_WARN_CONSTANT_CONVERSION = YES;
				CLANG_WARN_DIRECT_OBJC_ISA_USAGE = YES_ERROR;
				CLANG_WARN_EMPTY_BODY = YES;
				CLANG_WARN_ENUM_CONVERSION = YES;
				CLANG_WARN_INT_CONVERSION = YES;
				CLANG_WARN_OBJC_ROOT_CLASS = YES_ERROR;
				CLANG_WARN_UNREACHABLE_CODE = YES;
				CLANG_WARN__DUPLICATE_METHOD_MATCH = YES;
				"CODE_SIGN_IDENTITY[sdk=iphoneos*]" = "iPhone Developer";
				COPY_PHASE_STRIP = NO;
				DEBUG_INFORMATION_FORMAT = "dwarf-with-dsym";
				ENABLE_NS_ASSERTIONS = NO;
				ENABLE_STRICT_OBJC_MSGSEND = YES;
				GCC_C_LANGUAGE_STANDARD = gnu99;
				GCC_NO_COMMON_BLOCKS = YES;
				GCC_WARN_64_TO_32_BIT_CONVERSION = YES;
				GCC_WARN_ABOUT_RETURN_TYPE = YES_ERROR;
				GCC_WARN_UNDECLARED_SELECTOR = YES;
				GCC_WARN_UNINITIALIZED_AUTOS = YES_AGGRESSIVE;
				GCC_WARN_UNUSED_FUNCTION = YES;
				GCC_WARN_UNUSED_VARIABLE = YES;
				IPHONEOS_DEPLOYMENT_TARGET = 9.1;
				MTL_ENABLE_DEBUG_INFO = NO;
				SDKROOT = iphoneos;
				TARGETED_DEVICE_FAMILY = "1,2";
				VALIDATE_PRODUCT = YES;
			};
			name = Release;
		};
		7F03C5371C0C5E380001F097 /* Debug */ = {
			isa = XCBuildConfiguration;
			buildSettings = {
				ASSETCATALOG_COMPILER_APPICON_NAME = AppIcon;
				ASSETCATALOG_COMPILER_LAUNCHIMAGE_NAME = LaunchImage;
				CODE_SIGN_IDENTITY = "iPhone Developer";
				"CODE_SIGN_IDENTITY[sdk=iphoneos*]" = "iPhone Developer";
				INFOPLIST_FILE = "IOS-Two/Info.plist";
				IPHONEOS_DEPLOYMENT_TARGET = 9.2;
				LD_RUNPATH_SEARCH_PATHS = "$(inherited) @executable_path/Frameworks";
				PRODUCT_BUNDLE_IDENTIFIER = W2YVPAZ6AP;
				PRODUCT_NAME = "$(TARGET_NAME)";
				PROVISIONING_PROFILE = "";
				TARGETED_DEVICE_FAMILY = 1;
			};
			name = Debug;
		};
		7F03C5381C0C5E380001F097 /* Release */ = {
			isa = XCBuildConfiguration;
			buildSettings = {
				ASSETCATALOG_COMPILER_APPICON_NAME = AppIcon;
				ASSETCATALOG_COMPILER_LAUNCHIMAGE_NAME = LaunchImage;
				CODE_SIGN_IDENTITY = "iPhone Developer";
				"CODE_SIGN_IDENTITY[sdk=iphoneos*]" = "iPhone Developer";
				INFOPLIST_FILE = "IOS-Two/Info.plist";
				IPHONEOS_DEPLOYMENT_TARGET = 9.2;
				LD_RUNPATH_SEARCH_PATHS = "$(inherited) @executable_path/Frameworks";
				PRODUCT_BUNDLE_IDENTIFIER = W2YVPAZ6AP;
				PRODUCT_NAME = "$(TARGET_NAME)";
				PROVISIONING_PROFILE = "";
				TARGETED_DEVICE_FAMILY = 1;
			};
			name = Release;
		};
		7F03C53A1C0C5E380001F097 /* Debug */ = {
			isa = XCBuildConfiguration;
			buildSettings = {
				BUNDLE_LOADER = "$(TEST_HOST)";
				INFOPLIST_FILE = "IOS-TwoTests/Info.plist";
				LD_RUNPATH_SEARCH_PATHS = "$(inherited) @executable_path/Frameworks @loader_path/Frameworks";
				PRODUCT_BUNDLE_IDENTIFIER = "nju.edu.cn.IOS-TwoTests";
				PRODUCT_NAME = "$(TARGET_NAME)";
				TEST_HOST = "$(BUILT_PRODUCTS_DIR)/IOS-Two.app/IOS-Two";
			};
			name = Debug;
		};
		7F03C53B1C0C5E380001F097 /* Release */ = {
			isa = XCBuildConfiguration;
			buildSettings = {
				BUNDLE_LOADER = "$(TEST_HOST)";
				INFOPLIST_FILE = "IOS-TwoTests/Info.plist";
				LD_RUNPATH_SEARCH_PATHS = "$(inherited) @executable_path/Frameworks @loader_path/Frameworks";
				PRODUCT_BUNDLE_IDENTIFIER = "nju.edu.cn.IOS-TwoTests";
				PRODUCT_NAME = "$(TARGET_NAME)";
				TEST_HOST = "$(BUILT_PRODUCTS_DIR)/IOS-Two.app/IOS-Two";
			};
			name = Release;
		};
		7F03C53D1C0C5E380001F097 /* Debug */ = {
			isa = XCBuildConfiguration;
			buildSettings = {
				INFOPLIST_FILE = "IOS-TwoUITests/Info.plist";
				LD_RUNPATH_SEARCH_PATHS = "$(inherited) @executable_path/Frameworks @loader_path/Frameworks";
				PRODUCT_BUNDLE_IDENTIFIER = "nju.edu.cn.IOS-TwoUITests";
				PRODUCT_NAME = "$(TARGET_NAME)";
				TEST_TARGET_NAME = "IOS-Two";
				USES_XCTRUNNER = YES;
			};
			name = Debug;
		};
		7F03C53E1C0C5E380001F097 /* Release */ = {
			isa = XCBuildConfiguration;
			buildSettings = {
				INFOPLIST_FILE = "IOS-TwoUITests/Info.plist";
				LD_RUNPATH_SEARCH_PATHS = "$(inherited) @executable_path/Frameworks @loader_path/Frameworks";
				PRODUCT_BUNDLE_IDENTIFIER = "nju.edu.cn.IOS-TwoUITests";
				PRODUCT_NAME = "$(TARGET_NAME)";
				TEST_TARGET_NAME = "IOS-Two";
				USES_XCTRUNNER = YES;
			};
			name = Release;
		};
/* End XCBuildConfiguration section */

/* Begin XCConfigurationList section */
		7F03C5041C0C5E380001F097 /* Build configuration list for PBXProject "IOS-Two" */ = {
			isa = XCConfigurationList;
			buildConfigurations = (
				7F03C5341C0C5E380001F097 /* Debug */,
				7F03C5351C0C5E380001F097 /* Release */,
			);
			defaultConfigurationIsVisible = 0;
			defaultConfigurationName = Release;
		};
		7F03C5361C0C5E380001F097 /* Build configuration list for PBXNativeTarget "IOS-Two" */ = {
			isa = XCConfigurationList;
			buildConfigurations = (
				7F03C5371C0C5E380001F097 /* Debug */,
				7F03C5381C0C5E380001F097 /* Release */,
			);
			defaultConfigurationIsVisible = 0;
			defaultConfigurationName = Release;
		};
		7F03C5391C0C5E380001F097 /* Build configuration list for PBXNativeTarget "IOS-TwoTests" */ = {
			isa = XCConfigurationList;
			buildConfigurations = (
				7F03C53A1C0C5E380001F097 /* Debug */,
				7F03C53B1C0C5E380001F097 /* Release */,
			);
			defaultConfigurationIsVisible = 0;
			defaultConfigurationName = Release;
		};
		7F03C53C1C0C5E380001F097 /* Build configuration list for PBXNativeTarget "IOS-TwoUITests" */ = {
			isa = XCConfigurationList;
			buildConfigurations = (
				7F03C53D1C0C5E380001F097 /* Debug */,
				7F03C53E1C0C5E380001F097 /* Release */,
			);
			defaultConfigurationIsVisible = 0;
			defaultConfigurationName = Release;
		};
/* End XCConfigurationList section */
	};
	rootObject = 7F03C5011C0C5E380001F097 /* Project object */;
}
